
Microsoft Visual Studio Solution File, Format Version 12.00
# Visual Studio Version 17
VisualStudioVersion = 17.1.32421.90
MinimumVisualStudioVersion = 10.0.40219.1
Project("{FAE04EC0-301F-11D3-BF4B-00C04F79EFBC}") = "exercicio2", "exercicio2.csproj", "{4C8D6888-B6AA-41F5-B06F-A6A900BEE5AB}"
EndProject
Global
	GlobalSection(SolutionConfigurationPlatforms) = preSolution
		Debug|Any CPU = Debug|Any CPU
		Release|Any CPU = Release|Any CPU
	EndGlobalSection
	GlobalSection(ProjectConfigurationPlatforms) = postSolution
		{4C8D6888-B6AA-41F5-B06F-A6A900BEE5AB}.Debug|Any CPU.ActiveCfg = Debug|Any CPU
		{4C8D6888-B6AA-41F5-B06F-A6A900BEE5AB}.Debug|Any CPU.Build.0 = Debug|Any CPU
		{4C8D6888-B6AA-41F5-B06F-A6A900BEE5AB}.Release|Any CPU.ActiveCfg = Release|Any CPU
		{4C8D6888-B6AA-41F5-B06F-A6A900BEE5AB}.Release|Any CPU.Build.0 = Release|Any CPU
	EndGlobalSection
	GlobalSection(SolutionProperties) = preSolution
		HideSolutionNode = FALSE
	EndGlobalSection
	GlobalSection(ExtensibilityGlobals) = postSolution
		SolutionGuid = {0CCDD675-3BD1-4586-BF21-AC066DCDEF86}
	EndGlobalSection
EndGlobal
