
Microsoft Visual Studio Solution File, Format Version 12.00
# Visual Studio Version 17
VisualStudioVersion = 17.1.32421.90
MinimumVisualStudioVersion = 10.0.40219.1
Project("{FAE04EC0-301F-11D3-BF4B-00C04F79EFBC}") = "Exercicio5", "Exercicio5.csproj", "{10F594EC-136E-4007-B2D5-49FC50DBA4CD}"
EndProject
Global
	GlobalSection(SolutionConfigurationPlatforms) = preSolution
		Debug|Any CPU = Debug|Any CPU
		Release|Any CPU = Release|Any CPU
	EndGlobalSection
	GlobalSection(ProjectConfigurationPlatforms) = postSolution
		{10F594EC-136E-4007-B2D5-49FC50DBA4CD}.Debug|Any CPU.ActiveCfg = Debug|Any CPU
		{10F594EC-136E-4007-B2D5-49FC50DBA4CD}.Debug|Any CPU.Build.0 = Debug|Any CPU
		{10F594EC-136E-4007-B2D5-49FC50DBA4CD}.Release|Any CPU.ActiveCfg = Release|Any CPU
		{10F594EC-136E-4007-B2D5-49FC50DBA4CD}.Release|Any CPU.Build.0 = Release|Any CPU
	EndGlobalSection
	GlobalSection(SolutionProperties) = preSolution
		HideSolutionNode = FALSE
	EndGlobalSection
	GlobalSection(ExtensibilityGlobals) = postSolution
		SolutionGuid = {3034765A-D5DC-42DA-8A38-D1D901F25A95}
	EndGlobalSection
EndGlobal
