
Microsoft Visual Studio Solution File, Format Version 12.00
# Visual Studio Version 17
VisualStudioVersion = 17.1.32421.90
MinimumVisualStudioVersion = 10.0.40219.1
Project("{FAE04EC0-301F-11D3-BF4B-00C04F79EFBC}") = "exercicio8", "exercicio8.csproj", "{AF159D02-68A9-41DC-811C-226796AA7C62}"
EndProject
Global
	GlobalSection(SolutionConfigurationPlatforms) = preSolution
		Debug|Any CPU = Debug|Any CPU
		Release|Any CPU = Release|Any CPU
	EndGlobalSection
	GlobalSection(ProjectConfigurationPlatforms) = postSolution
		{AF159D02-68A9-41DC-811C-226796AA7C62}.Debug|Any CPU.ActiveCfg = Debug|Any CPU
		{AF159D02-68A9-41DC-811C-226796AA7C62}.Debug|Any CPU.Build.0 = Debug|Any CPU
		{AF159D02-68A9-41DC-811C-226796AA7C62}.Release|Any CPU.ActiveCfg = Release|Any CPU
		{AF159D02-68A9-41DC-811C-226796AA7C62}.Release|Any CPU.Build.0 = Release|Any CPU
	EndGlobalSection
	GlobalSection(SolutionProperties) = preSolution
		HideSolutionNode = FALSE
	EndGlobalSection
	GlobalSection(ExtensibilityGlobals) = postSolution
		SolutionGuid = {CCF6A524-201A-4AE8-A661-7974EBB9E05E}
	EndGlobalSection
EndGlobal
