
Microsoft Visual Studio Solution File, Format Version 12.00
# Visual Studio Version 17
VisualStudioVersion = 17.1.32421.90
MinimumVisualStudioVersion = 10.0.40219.1
Project("{FAE04EC0-301F-11D3-BF4B-00C04F79EFBC}") = "exercicio1", "exercicio1.csproj", "{77C889E4-8120-4184-891E-A2F8BF61A62F}"
EndProject
Global
	GlobalSection(SolutionConfigurationPlatforms) = preSolution
		Debug|Any CPU = Debug|Any CPU
		Release|Any CPU = Release|Any CPU
	EndGlobalSection
	GlobalSection(ProjectConfigurationPlatforms) = postSolution
		{77C889E4-8120-4184-891E-A2F8BF61A62F}.Debug|Any CPU.ActiveCfg = Debug|Any CPU
		{77C889E4-8120-4184-891E-A2F8BF61A62F}.Debug|Any CPU.Build.0 = Debug|Any CPU
		{77C889E4-8120-4184-891E-A2F8BF61A62F}.Release|Any CPU.ActiveCfg = Release|Any CPU
		{77C889E4-8120-4184-891E-A2F8BF61A62F}.Release|Any CPU.Build.0 = Release|Any CPU
	EndGlobalSection
	GlobalSection(SolutionProperties) = preSolution
		HideSolutionNode = FALSE
	EndGlobalSection
	GlobalSection(ExtensibilityGlobals) = postSolution
		SolutionGuid = {07F0F39F-C34E-4207-AF81-53217E8D3B59}
	EndGlobalSection
EndGlobal
