
Microsoft Visual Studio Solution File, Format Version 12.00
# Visual Studio Version 17
VisualStudioVersion = 17.1.32421.90
MinimumVisualStudioVersion = 10.0.40219.1
Project("{FAE04EC0-301F-11D3-BF4B-00C04F79EFBC}") = "exercicio13", "exercicio13.csproj", "{6A8AFDAC-BB6B-4543-B376-ED1C978A7B75}"
EndProject
Global
	GlobalSection(SolutionConfigurationPlatforms) = preSolution
		Debug|Any CPU = Debug|Any CPU
		Release|Any CPU = Release|Any CPU
	EndGlobalSection
	GlobalSection(ProjectConfigurationPlatforms) = postSolution
		{6A8AFDAC-BB6B-4543-B376-ED1C978A7B75}.Debug|Any CPU.ActiveCfg = Debug|Any CPU
		{6A8AFDAC-BB6B-4543-B376-ED1C978A7B75}.Debug|Any CPU.Build.0 = Debug|Any CPU
		{6A8AFDAC-BB6B-4543-B376-ED1C978A7B75}.Release|Any CPU.ActiveCfg = Release|Any CPU
		{6A8AFDAC-BB6B-4543-B376-ED1C978A7B75}.Release|Any CPU.Build.0 = Release|Any CPU
	EndGlobalSection
	GlobalSection(SolutionProperties) = preSolution
		HideSolutionNode = FALSE
	EndGlobalSection
	GlobalSection(ExtensibilityGlobals) = postSolution
		SolutionGuid = {C14F39BE-BA86-4E8E-8FB9-3D098EB1AEFD}
	EndGlobalSection
EndGlobal
